
Microsoft Visual Studio Solution File, Format Version 12.00
# Visual Studio Version 17
VisualStudioVersion = 17.12.35514.174
MinimumVisualStudioVersion = 10.0.40219.1
Project("{FAE04EC0-301F-11D3-BF4B-00C04F79EFBC}") = "VersionChecker", "VersionChecker\VersionChecker.csproj", "{6B4AE9DC-9500-42DE-929B-1479B9F9F5C4}"
EndProject
Project("{FAE04EC0-301F-11D3-BF4B-00C04F79EFBC}") = "CommonLib", "CommonLib\CommonLib.csproj", "{A55C31B8-FCB7-4DA5-80B3-87A7212195DE}"
EndProject
Project("{2150E333-8FDC-42A3-9474-1A3956D46DE8}") = "00. Librarys", "00. Librarys", "{485FB2D2-9F59-4131-827F-6285A6852FFE}"
EndProject
Project("{2150E333-8FDC-42A3-9474-1A3956D46DE8}") = "01. ApiServers", "01. ApiServers", "{03DAFFCB-1DB6-4EDF-81A4-53FBBD4F9C96}"
EndProject
Project("{FAE04EC0-301F-11D3-BF4B-00C04F79EFBC}") = "LobbyServer", "LobbyServer\LobbyServer.csproj", "{5C89FE5B-8447-4149-A370-3194408A0EC5}"
EndProject
Project("{FAE04EC0-301F-11D3-BF4B-00C04F79EFBC}") = "DBMediator", "DBMediator\DBMediator.csproj", "{59B74BDC-1478-44AE-AA89-3810A7BD013F}"
EndProject
Project("{FAE04EC0-301F-11D3-BF4B-00C04F79EFBC}") = "ServerCommon", "ServerCommon\ServerCommon.csproj", "{5F254D66-A0D1-4C5B-B595-12BE4ED5E0E3}"
EndProject
Global
	GlobalSection(SolutionConfigurationPlatforms) = preSolution
		Debug|Any CPU = Debug|Any CPU
		Debug|x64 = Debug|x64
		Release|Any CPU = Release|Any CPU
		Release|x64 = Release|x64
	EndGlobalSection
	GlobalSection(ProjectConfigurationPlatforms) = postSolution
		{6B4AE9DC-9500-42DE-929B-1479B9F9F5C4}.Debug|Any CPU.ActiveCfg = Debug|Any CPU
		{6B4AE9DC-9500-42DE-929B-1479B9F9F5C4}.Debug|Any CPU.Build.0 = Debug|Any CPU
		{6B4AE9DC-9500-42DE-929B-1479B9F9F5C4}.Debug|x64.ActiveCfg = Debug|x64
		{6B4AE9DC-9500-42DE-929B-1479B9F9F5C4}.Debug|x64.Build.0 = Debug|x64
		{6B4AE9DC-9500-42DE-929B-1479B9F9F5C4}.Release|Any CPU.ActiveCfg = Release|Any CPU
		{6B4AE9DC-9500-42DE-929B-1479B9F9F5C4}.Release|Any CPU.Build.0 = Release|Any CPU
		{6B4AE9DC-9500-42DE-929B-1479B9F9F5C4}.Release|x64.ActiveCfg = Release|x64
		{6B4AE9DC-9500-42DE-929B-1479B9F9F5C4}.Release|x64.Build.0 = Release|x64
		{A55C31B8-FCB7-4DA5-80B3-87A7212195DE}.Debug|Any CPU.ActiveCfg = Debug|Any CPU
		{A55C31B8-FCB7-4DA5-80B3-87A7212195DE}.Debug|Any CPU.Build.0 = Debug|Any CPU
		{A55C31B8-FCB7-4DA5-80B3-87A7212195DE}.Debug|x64.ActiveCfg = Debug|x64
		{A55C31B8-FCB7-4DA5-80B3-87A7212195DE}.Debug|x64.Build.0 = Debug|x64
		{A55C31B8-FCB7-4DA5-80B3-87A7212195DE}.Release|Any CPU.ActiveCfg = Release|Any CPU
		{A55C31B8-FCB7-4DA5-80B3-87A7212195DE}.Release|Any CPU.Build.0 = Release|Any CPU
		{A55C31B8-FCB7-4DA5-80B3-87A7212195DE}.Release|x64.ActiveCfg = Release|x64
		{A55C31B8-FCB7-4DA5-80B3-87A7212195DE}.Release|x64.Build.0 = Release|x64
		{5C89FE5B-8447-4149-A370-3194408A0EC5}.Debug|Any CPU.ActiveCfg = Debug|Any CPU
		{5C89FE5B-8447-4149-A370-3194408A0EC5}.Debug|Any CPU.Build.0 = Debug|Any CPU
		{5C89FE5B-8447-4149-A370-3194408A0EC5}.Debug|x64.ActiveCfg = Debug|x64
		{5C89FE5B-8447-4149-A370-3194408A0EC5}.Debug|x64.Build.0 = Debug|x64
		{5C89FE5B-8447-4149-A370-3194408A0EC5}.Release|Any CPU.ActiveCfg = Release|Any CPU
		{5C89FE5B-8447-4149-A370-3194408A0EC5}.Release|Any CPU.Build.0 = Release|Any CPU
		{5C89FE5B-8447-4149-A370-3194408A0EC5}.Release|x64.ActiveCfg = Release|x64
		{5C89FE5B-8447-4149-A370-3194408A0EC5}.Release|x64.Build.0 = Release|x64
		{59B74BDC-1478-44AE-AA89-3810A7BD013F}.Debug|Any CPU.ActiveCfg = Debug|Any CPU
		{59B74BDC-1478-44AE-AA89-3810A7BD013F}.Debug|Any CPU.Build.0 = Debug|Any CPU
		{59B74BDC-1478-44AE-AA89-3810A7BD013F}.Debug|x64.ActiveCfg = Debug|x64
		{59B74BDC-1478-44AE-AA89-3810A7BD013F}.Debug|x64.Build.0 = Debug|x64
		{59B74BDC-1478-44AE-AA89-3810A7BD013F}.Release|Any CPU.ActiveCfg = Release|Any CPU
		{59B74BDC-1478-44AE-AA89-3810A7BD013F}.Release|Any CPU.Build.0 = Release|Any CPU
		{59B74BDC-1478-44AE-AA89-3810A7BD013F}.Release|x64.ActiveCfg = Release|x64
		{59B74BDC-1478-44AE-AA89-3810A7BD013F}.Release|x64.Build.0 = Release|x64
		{5F254D66-A0D1-4C5B-B595-12BE4ED5E0E3}.Debug|Any CPU.ActiveCfg = Debug|Any CPU
		{5F254D66-A0D1-4C5B-B595-12BE4ED5E0E3}.Debug|Any CPU.Build.0 = Debug|Any CPU
		{5F254D66-A0D1-4C5B-B595-12BE4ED5E0E3}.Debug|x64.ActiveCfg = Debug|x64
		{5F254D66-A0D1-4C5B-B595-12BE4ED5E0E3}.Debug|x64.Build.0 = Debug|x64
		{5F254D66-A0D1-4C5B-B595-12BE4ED5E0E3}.Release|Any CPU.ActiveCfg = Release|Any CPU
		{5F254D66-A0D1-4C5B-B595-12BE4ED5E0E3}.Release|Any CPU.Build.0 = Release|Any CPU
		{5F254D66-A0D1-4C5B-B595-12BE4ED5E0E3}.Release|x64.ActiveCfg = Release|x64
		{5F254D66-A0D1-4C5B-B595-12BE4ED5E0E3}.Release|x64.Build.0 = Release|x64
	EndGlobalSection
	GlobalSection(SolutionProperties) = preSolution
		HideSolutionNode = FALSE
	EndGlobalSection
	GlobalSection(NestedProjects) = preSolution
		{6B4AE9DC-9500-42DE-929B-1479B9F9F5C4} = {03DAFFCB-1DB6-4EDF-81A4-53FBBD4F9C96}
		{A55C31B8-FCB7-4DA5-80B3-87A7212195DE} = {485FB2D2-9F59-4131-827F-6285A6852FFE}
		{5C89FE5B-8447-4149-A370-3194408A0EC5} = {03DAFFCB-1DB6-4EDF-81A4-53FBBD4F9C96}
		{59B74BDC-1478-44AE-AA89-3810A7BD013F} = {485FB2D2-9F59-4131-827F-6285A6852FFE}
		{5F254D66-A0D1-4C5B-B595-12BE4ED5E0E3} = {485FB2D2-9F59-4131-827F-6285A6852FFE}
	EndGlobalSection
EndGlobal
